// !$*UTF8*$!
{
	archiveVersion = 1;
	classes = {
	};
	objectVersion = 56;
	objects = {

/* Begin PBXBuildFile section */
		BFB27A8E2B63C2B70084DB1F /* User.swift in Sources */ = {isa = PBXBuildFile; fileRef = BFB27A8D2B63C2B70084DB1F /* User.swift */; };
		BFB27A902B63C2CE0084DB1F /* Challenge.swift in Sources */ = {isa = PBXBuildFile; fileRef = BFB27A8F2B63C2CE0084DB1F /* Challenge.swift */; };
		BFC668BA2B5AAE74008925BB /* PasskeyAppiOSDemoApp.swift in Sources */ = {isa = PBXBuildFile; fileRef = BFC668B92B5AAE74008925BB /* PasskeyAppiOSDemoApp.swift */; };
		BFC668BC2B5AAE74008925BB /* ContentView.swift in Sources */ = {isa = PBXBuildFile; fileRef = BFC668BB2B5AAE74008925BB /* ContentView.swift */; };
		BFC668BE2B5AAE77008925BB /* Assets.xcassets in Resources */ = {isa = PBXBuildFile; fileRef = BFC668BD2B5AAE77008925BB /* Assets.xcassets */; };
		BFC668C12B5AAE77008925BB /* Preview Assets.xcassets in Resources */ = {isa = PBXBuildFile; fileRef = BFC668C02B5AAE77008925BB /* Preview Assets.xcassets */; };
		BFC668C92B5AB86A008925BB /* ViewModel.swift in Sources */ = {isa = PBXBuildFile; fileRef = BFC668C82B5AB86A008925BB /* ViewModel.swift */; };
/* End PBXBuildFile section */

/* Begin PBXFileReference section */
		BFB27A8D2B63C2B70084DB1F /* User.swift */ = {isa = PBXFileReference; lastKnownFileType = sourcecode.swift; path = User.swift; sourceTree = "<group>"; };
		BFB27A8F2B63C2CE0084DB1F /* Challenge.swift */ = {isa = PBXFileReference; lastKnownFileType = sourcecode.swift; path = Challenge.swift; sourceTree = "<group>"; };
		BFC668B62B5AAE74008925BB /* PasskeyAppiOSDemo.app */ = {isa = PBXFileReference; explicitFileType = wrapper.application; includeInIndex = 0; path = PasskeyAppiOSDemo.app; sourceTree = BUILT_PRODUCTS_DIR; };
		BFC668B92B5AAE74008925BB /* PasskeyAppiOSDemoApp.swift */ = {isa = PBXFileReference; lastKnownFileType = sourcecode.swift; path = PasskeyAppiOSDemoApp.swift; sourceTree = "<group>"; };
		BFC668BB2B5AAE74008925BB /* ContentView.swift */ = {isa = PBXFileReference; lastKnownFileType = sourcecode.swift; path = ContentView.swift; sourceTree = "<group>"; };
		BFC668BD2B5AAE77008925BB /* Assets.xcassets */ = {isa = PBXFileReference; lastKnownFileType = folder.assetcatalog; path = Assets.xcassets; sourceTree = "<group>"; };
		BFC668C02B5AAE77008925BB /* Preview Assets.xcassets */ = {isa = PBXFileReference; lastKnownFileType = folder.assetcatalog; path = "Preview Assets.xcassets"; sourceTree = "<group>"; };
		BFC668C72B5AB2A8008925BB /* PasskeyAppiOSDemo.entitlements */ = {isa = PBXFileReference; lastKnownFileType = text.plist.entitlements; path = PasskeyAppiOSDemo.entitlements; sourceTree = "<group>"; };
		BFC668C82B5AB86A008925BB /* ViewModel.swift */ = {isa = PBXFileReference; lastKnownFileType = sourcecode.swift; path = ViewModel.swift; sourceTree = "<group>"; };
		BFC668CA2B5AD928008925BB /* Info.plist */ = {isa = PBXFileReference; lastKnownFileType = text.plist; path = Info.plist; sourceTree = "<group>"; };
/* End PBXFileReference section */

/* Begin PBXFrameworksBuildPhase section */
		BFC668B32B5AAE74008925BB /* Frameworks */ = {
			isa = PBXFrameworksBuildPhase;
			buildActionMask = 2147483647;
			files = (
			);
			runOnlyForDeploymentPostprocessing = 0;
		};
/* End PBXFrameworksBuildPhase section */

/* Begin PBXGroup section */
		BFB27A8C2B63C2A90084DB1F /* Models */ = {
			isa = PBXGroup;
			children = (
				BFB27A8D2B63C2B70084DB1F /* User.swift */,
				BFB27A8F2B63C2CE0084DB1F /* Challenge.swift */,
			);
			path = Models;
			sourceTree = "<group>";
		};
		BFC668AD2B5AAE74008925BB = {
			isa = PBXGroup;
			children = (
				BFC668B82B5AAE74008925BB /* PasskeyAppiOSDemo */,
				BFC668B72B5AAE74008925BB /* Products */,
			);
			sourceTree = "<group>";
		};
		BFC668B72B5AAE74008925BB /* Products */ = {
			isa = PBXGroup;
			children = (
				BFC668B62B5AAE74008925BB /* PasskeyAppiOSDemo.app */,
			);
			name = Products;
			sourceTree = "<group>";
		};
		BFC668B82B5AAE74008925BB /* PasskeyAppiOSDemo */ = {
			isa = PBXGroup;
			children = (
				BFB27A8C2B63C2A90084DB1F /* Models */,
				BFC668CA2B5AD928008925BB /* Info.plist */,
				BFC668C72B5AB2A8008925BB /* PasskeyAppiOSDemo.entitlements */,
				BFC668B92B5AAE74008925BB /* PasskeyAppiOSDemoApp.swift */,
				BFC668BB2B5AAE74008925BB /* ContentView.swift */,
				BFC668C82B5AB86A008925BB /* ViewModel.swift */,
				BFC668BD2B5AAE77008925BB /* Assets.xcassets */,
				BFC668BF2B5AAE77008925BB /* Preview Content */,
			);
			path = PasskeyAppiOSDemo;
			sourceTree = "<group>";
		};
		BFC668BF2B5AAE77008925BB /* Preview Content */ = {
			isa = PBXGroup;
			children = (
				BFC668C02B5AAE77008925BB /* Preview Assets.xcassets */,
			);
			path = "Preview Content";
			sourceTree = "<group>";
		};
/* End PBXGroup section */

/* Begin PBXNativeTarget section */
		BFC668B52B5AAE74008925BB /* PasskeyAppiOSDemo */ = {
			isa = PBXNativeTarget;
			buildConfigurationList = BFC668C42B5AAE77008925BB /* Build configuration list for PBXNativeTarget "PasskeyAppiOSDemo" */;
			buildPhases = (
				BFC668B22B5AAE74008925BB /* Sources */,
				BFC668B32B5AAE74008925BB /* Frameworks */,
				BFC668B42B5AAE74008925BB /* Resources */,
			);
			buildRules = (
			);
			dependencies = (
			);
			name = PasskeyAppiOSDemo;
			productName = PasskeyAppiOSDemo;
			productReference = BFC668B62B5AAE74008925BB /* PasskeyAppiOSDemo.app */;
			productType = "com.apple.product-type.application";
		};
/* End PBXNativeTarget section */

/* Begin PBXProject section */
		BFC668AE2B5AAE74008925BB /* Project object */ = {
			isa = PBXProject;
			attributes = {
				BuildIndependentTargetsInParallel = 1;
				LastSwiftUpdateCheck = 1520;
				LastUpgradeCheck = 1520;
				TargetAttributes = {
					BFC668B52B5AAE74008925BB = {
						CreatedOnToolsVersion = 15.2;
					};
				};
			};
			buildConfigurationList = BFC668B12B5AAE74008925BB /* Build configuration list for PBXProject "PasskeyAppiOSDemo" */;
			compatibilityVersion = "Xcode 14.0";
			developmentRegion = en;
			hasScannedForEncodings = 0;
			knownRegions = (
				en,
			);
			mainGroup = BFC668AD2B5AAE74008925BB;
			productRefGroup = BFC668B72B5AAE74008925BB /* Products */;
			projectDirPath = "";
			projectRoot = "";
			targets = (
				BFC668B52B5AAE74008925BB /* PasskeyAppiOSDemo */,
			);
		};
/* End PBXProject section */

/* Begin PBXResourcesBuildPhase section */
		BFC668B42B5AAE74008925BB /* Resources */ = {
			isa = PBXResourcesBuildPhase;
			buildActionMask = 2147483647;
			files = (
				BFC668C12B5AAE77008925BB /* Preview Assets.xcassets in Resources */,
				BFC668BE2B5AAE77008925BB /* Assets.xcassets in Resources */,
			);
			runOnlyForDeploymentPostprocessing = 0;
		};
/* End PBXResourcesBuildPhase section */

/* Begin PBXSourcesBuildPhase section */
		BFC668B22B5AAE74008925BB /* Sources */ = {
			isa = PBXSourcesBuildPhase;
			buildActionMask = 2147483647;
			files = (
				BFB27A8E2B63C2B70084DB1F /* User.swift in Sources */,
				BFC668BC2B5AAE74008925BB /* ContentView.swift in Sources */,
				BFC668C92B5AB86A008925BB /* ViewModel.swift in Sources */,
				BFC668BA2B5AAE74008925BB /* PasskeyAppiOSDemoApp.swift in Sources */,
				BFB27A902B63C2CE0084DB1F /* Challenge.swift in Sources */,
			);
			runOnlyForDeploymentPostprocessing = 0;
		};
/* End PBXSourcesBuildPhase section */

/* Begin XCBuildConfiguration section */
		BFC668C22B5AAE77008925BB /* Debug */ = {
			isa = XCBuildConfiguration;
			buildSettings = {
				ALWAYS_SEARCH_USER_PATHS = NO;
				ASSETCATALOG_COMPILER_GENERATE_SWIFT_ASSET_SYMBOL_EXTENSIONS = YES;
				CLANG_ANALYZER_NONNULL = YES;
				CLANG_ANALYZER_NUMBER_OBJECT_CONVERSION = YES_AGGRESSIVE;
				CLANG_CXX_LANGUAGE_STANDARD = "gnu++20";
				CLANG_ENABLE_MODULES = YES;
				CLANG_ENABLE_OBJC_ARC = YES;
				CLANG_ENABLE_OBJC_WEAK = YES;
				CLANG_WARN_BLOCK_CAPTURE_AUTORELEASING = YES;
				CLANG_WARN_BOOL_CONVERSION = YES;
				CLANG_WARN_COMMA = YES;
				CLANG_WARN_CONSTANT_CONVERSION = YES;
				CLANG_WARN_DEPRECATED_OBJC_IMPLEMENTATIONS = YES;
				CLANG_WARN_DIRECT_OBJC_ISA_USAGE = YES_ERROR;
				CLANG_WARN_DOCUMENTATION_COMMENTS = YES;
				CLANG_WARN_EMPTY_BODY = YES;
				CLANG_WARN_ENUM_CONVERSION = YES;
				CLANG_WARN_INFINITE_RECURSION = YES;
				CLANG_WARN_INT_CONVERSION = YES;
				CLANG_WARN_NON_LITERAL_NULL_CONVERSION = YES;
				CLANG_WARN_OBJC_IMPLICIT_RETAIN_SELF = YES;
				CLANG_WARN_OBJC_LITERAL_CONVERSION = YES;
				CLANG_WARN_OBJC_ROOT_CLASS = YES_ERROR;
				CLANG_WARN_QUOTED_INCLUDE_IN_FRAMEWORK_HEADER = YES;
				CLANG_WARN_RANGE_LOOP_ANALYSIS = YES;
				CLANG_WARN_STRICT_PROTOTYPES = YES;
				CLANG_WARN_SUSPICIOUS_MOVE = YES;
				CLANG_WARN_UNGUARDED_AVAILABILITY = YES_AGGRESSIVE;
				CLANG_WARN_UNREACHABLE_CODE = YES;
				CLANG_WARN__DUPLICATE_METHOD_MATCH = YES;
				COPY_PHASE_STRIP = NO;
				DEBUG_INFORMATION_FORMAT = dwarf;
				ENABLE_STRICT_OBJC_MSGSEND = YES;
				ENABLE_TESTABILITY = YES;
				ENABLE_USER_SCRIPT_SANDBOXING = YES;
				GCC_C_LANGUAGE_STANDARD = gnu17;
				GCC_DYNAMIC_NO_PIC = NO;
				GCC_NO_COMMON_BLOCKS = YES;
				GCC_OPTIMIZATION_LEVEL = 0;
				GCC_PREPROCESSOR_DEFINITIONS = (
					"DEBUG=1",
					"$(inherited)",
				);
				GCC_WARN_64_TO_32_BIT_CONVERSION = YES;
				GCC_WARN_ABOUT_RETURN_TYPE = YES_ERROR;
				GCC_WARN_UNDECLARED_SELECTOR = YES;
				GCC_WARN_UNINITIALIZED_AUTOS = YES_AGGRESSIVE;
				GCC_WARN_UNUSED_FUNCTION = YES;
				GCC_WARN_UNUSED_VARIABLE = YES;
				IPHONEOS_DEPLOYMENT_TARGET = 17.2;
				LOCALIZATION_PREFERS_STRING_CATALOGS = YES;
				MTL_ENABLE_DEBUG_INFO = INCLUDE_SOURCE;
				MTL_FAST_MATH = YES;
				ONLY_ACTIVE_ARCH = YES;
				SDKROOT = iphoneos;
				SWIFT_ACTIVE_COMPILATION_CONDITIONS = "DEBUG $(inherited)";
				SWIFT_OPTIMIZATION_LEVEL = "-Onone";
			};
			name = Debug;
		};
		BFC668C32B5AAE77008925BB /* Release */ = {
			isa = XCBuildConfiguration;
			buildSettings = {
				ALWAYS_SEARCH_USER_PATHS = NO;
				ASSETCATALOG_COMPILER_GENERATE_SWIFT_ASSET_SYMBOL_EXTENSIONS = YES;
				CLANG_ANALYZER_NONNULL = YES;
				CLANG_ANALYZER_NUMBER_OBJECT_CONVERSION = YES_AGGRESSIVE;
				CLANG_CXX_LANGUAGE_STANDARD = "gnu++20";
				CLANG_ENABLE_MODULES = YES;
				CLANG_ENABLE_OBJC_ARC = YES;
				CLANG_ENABLE_OBJC_WEAK = YES;
				CLANG_WARN_BLOCK_CAPTURE_AUTORELEASING = YES;
				CLANG_WARN_BOOL_CONVERSION = YES;
				CLANG_WARN_COMMA = YES;
				CLANG_WARN_CONSTANT_CONVERSION = YES;
				CLANG_WARN_DEPRECATED_OBJC_IMPLEMENTATIONS = YES;
				CLANG_WARN_DIRECT_OBJC_ISA_USAGE = YES_ERROR;
				CLANG_WARN_DOCUMENTATION_COMMENTS = YES;
				CLANG_WARN_EMPTY_BODY = YES;
				CLANG_WARN_ENUM_CONVERSION = YES;
				CLANG_WARN_INFINITE_RECURSION = YES;
				CLANG_WARN_INT_CONVERSION = YES;
				CLANG_WARN_NON_LITERAL_NULL_CONVERSION = YES;
				CLANG_WARN_OBJC_IMPLICIT_RETAIN_SELF = YES;
				CLANG_WARN_OBJC_LITERAL_CONVERSION = YES;
				CLANG_WARN_OBJC_ROOT_CLASS = YES_ERROR;
				CLANG_WARN_QUOTED_INCLUDE_IN_FRAMEWORK_HEADER = YES;
				CLANG_WARN_RANGE_LOOP_ANALYSIS = YES;
				CLANG_WARN_STRICT_PROTOTYPES = YES;
				CLANG_WARN_SUSPICIOUS_MOVE = YES;
				CLANG_WARN_UNGUARDED_AVAILABILITY = YES_AGGRESSIVE;
				CLANG_WARN_UNREACHABLE_CODE = YES;
				CLANG_WARN__DUPLICATE_METHOD_MATCH = YES;
				COPY_PHASE_STRIP = NO;
				DEBUG_INFORMATION_FORMAT = "dwarf-with-dsym";
				ENABLE_NS_ASSERTIONS = NO;
				ENABLE_STRICT_OBJC_MSGSEND = YES;
				ENABLE_USER_SCRIPT_SANDBOXING = YES;
				GCC_C_LANGUAGE_STANDARD = gnu17;
				GCC_NO_COMMON_BLOCKS = YES;
				GCC_WARN_64_TO_32_BIT_CONVERSION = YES;
				GCC_WARN_ABOUT_RETURN_TYPE = YES_ERROR;
				GCC_WARN_UNDECLARED_SELECTOR = YES;
				GCC_WARN_UNINITIALIZED_AUTOS = YES_AGGRESSIVE;
				GCC_WARN_UNUSED_FUNCTION = YES;
				GCC_WARN_UNUSED_VARIABLE = YES;
				IPHONEOS_DEPLOYMENT_TARGET = 17.2;
				LOCALIZATION_PREFERS_STRING_CATALOGS = YES;
				MTL_ENABLE_DEBUG_INFO = NO;
				MTL_FAST_MATH = YES;
				SDKROOT = iphoneos;
				SWIFT_COMPILATION_MODE = wholemodule;
				VALIDATE_PRODUCT = YES;
			};
			name = Release;
		};
		BFC668C52B5AAE77008925BB /* Debug */ = {
			isa = XCBuildConfiguration;
			buildSettings = {
				ASSETCATALOG_COMPILER_APPICON_NAME = AppIcon;
				ASSETCATALOG_COMPILER_GLOBAL_ACCENT_COLOR_NAME = AccentColor;
				CODE_SIGN_ENTITLEMENTS = PasskeyAppiOSDemo/PasskeyAppiOSDemo.entitlements;
				CODE_SIGN_STYLE = Automatic;
				CURRENT_PROJECT_VERSION = 1;
				DEVELOPMENT_ASSET_PATHS = "\"PasskeyAppiOSDemo/Preview Content\"";
				DEVELOPMENT_TEAM = HBBLSCM2ZS;
				ENABLE_PREVIEWS = YES;
				GENERATE_INFOPLIST_FILE = YES;
				INFOPLIST_FILE = PasskeyAppiOSDemo/Info.plist;
				INFOPLIST_KEY_UIApplicationSceneManifest_Generation = YES;
				INFOPLIST_KEY_UIApplicationSupportsIndirectInputEvents = YES;
				INFOPLIST_KEY_UILaunchScreen_Generation = YES;
				INFOPLIST_KEY_UISupportedInterfaceOrientations_iPad = "UIInterfaceOrientationPortrait UIInterfaceOrientationPortraitUpsideDown UIInterfaceOrientationLandscapeLeft UIInterfaceOrientationLandscapeRight";
				INFOPLIST_KEY_UISupportedInterfaceOrientations_iPhone = "UIInterfaceOrientationPortrait UIInterfaceOrientationLandscapeLeft UIInterfaceOrientationLandscapeRight";
				LD_RUNPATH_SEARCH_PATHS = (
					"$(inherited)",
					"@executable_path/Frameworks",
				);
				MARKETING_VERSION = 1.0;
				PRODUCT_BUNDLE_IDENTIFIER = com.timwang.PasskeyAppiOSDemo;
				PRODUCT_NAME = "$(TARGET_NAME)";
				SWIFT_EMIT_LOC_STRINGS = YES;
				SWIFT_VERSION = 5.0;
				TARGETED_DEVICE_FAMILY = "1,2";
			};
			name = Debug;
		};
		BFC668C62B5AAE77008925BB /* Release */ = {
			isa = XCBuildConfiguration;
			buildSettings = {
				ASSETCATALOG_COMPILER_APPICON_NAME = AppIcon;
				ASSETCATALOG_COMPILER_GLOBAL_ACCENT_COLOR_NAME = AccentColor;
				CODE_SIGN_ENTITLEMENTS = PasskeyAppiOSDemo/PasskeyAppiOSDemo.entitlements;
				CODE_SIGN_STYLE = Automatic;
				CURRENT_PROJECT_VERSION = 1;
				DEVELOPMENT_ASSET_PATHS = "\"PasskeyAppiOSDemo/Preview Content\"";
				DEVELOPMENT_TEAM = HBBLSCM2ZS;
				ENABLE_PREVIEWS = YES;
				GENERATE_INFOPLIST_FILE = YES;
				INFOPLIST_FILE = PasskeyAppiOSDemo/Info.plist;
				INFOPLIST_KEY_UIApplicationSceneManifest_Generation = YES;
				INFOPLIST_KEY_UIApplicationSupportsIndirectInputEvents = YES;
				INFOPLIST_KEY_UILaunchScreen_Generation = YES;
				INFOPLIST_KEY_UISupportedInterfaceOrientations_iPad = "UIInterfaceOrientationPortrait UIInterfaceOrientationPortraitUpsideDown UIInterfaceOrientationLandscapeLeft UIInterfaceOrientationLandscapeRight";
				INFOPLIST_KEY_UISupportedInterfaceOrientations_iPhone = "UIInterfaceOrientationPortrait UIInterfaceOrientationLandscapeLeft UIInterfaceOrientationLandscapeRight";
				LD_RUNPATH_SEARCH_PATHS = (
					"$(inherited)",
					"@executable_path/Frameworks",
				);
				MARKETING_VERSION = 1.0;
				PRODUCT_BUNDLE_IDENTIFIER = com.timwang.PasskeyAppiOSDemo;
				PRODUCT_NAME = "$(TARGET_NAME)";
				SWIFT_EMIT_LOC_STRINGS = YES;
				SWIFT_VERSION = 5.0;
				TARGETED_DEVICE_FAMILY = "1,2";
			};
			name = Release;
		};
/* End XCBuildConfiguration section */

/* Begin XCConfigurationList section */
		BFC668B12B5AAE74008925BB /* Build configuration list for PBXProject "PasskeyAppiOSDemo" */ = {
			isa = XCConfigurationList;
			buildConfigurations = (
				BFC668C22B5AAE77008925BB /* Debug */,
				BFC668C32B5AAE77008925BB /* Release */,
			);
			defaultConfigurationIsVisible = 0;
			defaultConfigurationName = Release;
		};
		BFC668C42B5AAE77008925BB /* Build configuration list for PBXNativeTarget "PasskeyAppiOSDemo" */ = {
			isa = XCConfigurationList;
			buildConfigurations = (
				BFC668C52B5AAE77008925BB /* Debug */,
				BFC668C62B5AAE77008925BB /* Release */,
			);
			defaultConfigurationIsVisible = 0;
			defaultConfigurationName = Release;
		};
/* End XCConfigurationList section */
	};
	rootObject = BFC668AE2B5AAE74008925BB /* Project object */;
}
